# This file is autogenerated, do not edit; changes may be undone by the next 'dep ensure'.


[[projects]]
  digest = "1:5a7184ef1b7b576a003f24f64a17ea07b9a2864d8e2c2680a46b3f17ed99a059"
  name = "github.com/Microsoft/go-winio"
  packages = [
    ".",
    "internal/socket",
    "pkg/guid",
  ]
  pruneopts = "UT"
  revision = "376b2013fee695d54f9b21db81716426a8a736d9"
  version = "v0.6.0"

[[projects]]
  digest = "1:6e03299b49628dc69ed48a71979df27ffbe9fc4fe8ec19ef5b287bb481c4ed05"
  name = "github.com/Songmu/prompter"
  packages = ["."]
  pruneopts = "UT"
  revision = "e3c6b757c27e6a0e1dce7518d2748dfbcd1c289b"
  version = "v0.5.1"

[[projects]]
  branch = "master"
  digest = "1:125f098c5294814b5d9ce2194f03a435c35a6208f029e61681bed9a893d68133"
  name = "github.com/alecthomas/template"
  packages = [
    ".",
    "parse",
  ]
  pruneopts = "UT"
  revision = "fb15b899a75114aa79cc930e33c46b577cc664b1"

[[projects]]
  branch = "master"
  digest = "1:c5b942d92919a3eb8f4d55f1b5fe95a0b1b480af1cc3740f7f0b620e49df1ceb"
  name = "github.com/alecthomas/units"
  packages = ["."]
  pruneopts = "UT"
  revision = "b94a6e3cc13755c0a75fffecbb089eb346fc4289"

[[projects]]
  digest = "1:afbc3b6dd65fbf9174174fa6318928966157b9c190fb1eceb3c5eac966d30f3e"
  name = "github.com/aws/aws-sdk-go"
  packages = [
    "aws",
    "aws/awserr",
    "aws/awsutil",
    "aws/client",
    "aws/client/metadata",
    "aws/corehandlers",
    "aws/credentials",
    "aws/credentials/ec2rolecreds",
    "aws/credentials/endpointcreds",
    "aws/credentials/processcreds",
    "aws/credentials/ssocreds",
    "aws/credentials/stscreds",
    "aws/csm",
    "aws/defaults",
    "aws/ec2metadata",
    "aws/endpoints",
    "aws/request",
    "aws/session",
    "aws/signer/v4",
    "internal/context",
    "internal/ini",
    "internal/sdkio",
    "internal/sdkmath",
    "internal/sdkrand",
    "internal/sdkuri",
    "internal/shareddefaults",
    "internal/strings",
    "internal/sync/singleflight",
    "private/protocol",
    "private/protocol/json/jsonutil",
    "private/protocol/jsonrpc",
    "private/protocol/query",
    "private/protocol/query/queryutil",
    "private/protocol/rest",
    "private/protocol/restjson",
    "private/protocol/xml/xmlutil",
    "service/iam",
    "service/lambda",
    "service/lambda/lambdaiface",
    "service/sqs",
    "service/sso",
    "service/sso/ssoiface",
    "service/sts",
    "service/sts/stsiface",
  ]
  pruneopts = "UT"
  revision = "2389894af92747d3ccd38b691ab977789ad489b1"
  version = "v1.44.111"

[[projects]]
  digest = "1:ffe9824d294da03b391f44e1ae8281281b4afc1bdaa9588c9097785e3af10cec"
  name = "github.com/davecgh/go-spew"
  packages = ["spew"]
  pruneopts = "UT"
  revision = "8991bc29aa16c548c550c7ff78260e27b9ab7c73"
  version = "v1.1.1"

[[projects]]
  digest = "1:4c7d169280debf9f36b84a0f682094889cccc5dc0db8657f9cffc93b21975a57"
  name = "github.com/docker/distribution"
  packages = [
    "digestset",
    "reference",
  ]
  pruneopts = "UT"
  revision = "b5ca020cfbe998e5af3457fda087444cf5116496"
  version = "v2.8.1"

[[projects]]
  digest = "1:b79a40c55e243564573d8d318d2cc21b445660b6c412d46a39f5abf8e900be74"
  name = "github.com/docker/docker"
  packages = [
    "api",
    "api/types",
    "api/types/blkiodev",
    "api/types/container",
    "api/types/events",
    "api/types/filters",
    "api/types/image",
    "api/types/mount",
    "api/types/network",
    "api/types/registry",
    "api/types/strslice",
    "api/types/swarm",
    "api/types/swarm/runtime",
    "api/types/time",
    "api/types/versions",
    "api/types/volume",
    "client",
    "errdefs",
  ]
  pruneopts = "UT"
  revision = "e42327a6d3c55ceda3bd5475be7aae6036d02db3"
  version = "v20.10.18"

[[projects]]
  digest = "1:811c86996b1ca46729bad2724d4499014c4b9effd05ef8c71b852aad90deb0ce"
  name = "github.com/docker/go-connections"
  packages = [
    "nat",
    "sockets",
    "tlsconfig",
  ]
  pruneopts = "UT"
  revision = "7395e3f8aa162843a74ed6d48e79627d9792ac55"
  version = "v0.4.0"

[[projects]]
  digest = "1:e95ef557dc3120984bb66b385ae01b4bb8ff56bcde28e7b0d1beed0cccc4d69f"
  name = "github.com/docker/go-units"
  packages = ["."]
  pruneopts = "UT"
  revision = "519db1ee28dcc9fd2474ae59fca29a810482bfb1"
  version = "v0.4.0"

[[projects]]
  digest = "1:6f9339c912bbdda81302633ad7e99a28dfa5a639c864061f1929510a9a64aa74"
  name = "github.com/dustin/go-humanize"
  packages = ["."]
  pruneopts = "UT"
  revision = "9f541cc9db5d55bce703bd99987c9d5cb8eea45e"
  version = "v1.0.0"

[[projects]]
  digest = "1:4caab6f14c6b9654ccb7d398791d1f71a2d4e693ea508d29659a173e1b2e644a"
  name = "github.com/gogo/protobuf"
  packages = ["proto"]
  pruneopts = "UT"
  revision = "5628607bb4c51c3157aacc3a50f0ab707582b805"
  version = "v1.3.1"

[[projects]]
  digest = "1:dec1e3f74caae6a772802a4c87eb872836a14e33855438f08f593d7c91fb17de"
  name = "github.com/gorilla/websocket"
  packages = ["."]
  pruneopts = "UT"
  revision = "9111bb834a68b893cebbbaed5060bdbc1d9ab7d2"
  version = "v1.5.0"

[[projects]]
  digest = "1:bb81097a5b62634f3e9fec1014657855610c82d19b9a40c17612e32651e35dca"
  name = "github.com/jmespath/go-jmespath"
  packages = ["."]
  pruneopts = "UT"
  revision = "c2b33e84"

[[projects]]
  digest = "1:0a3de24cb5c1cb71a845a9a906684c31411b141dc34c6325ec71d11be35c0208"
  name = "github.com/mattn/go-isatty"
  packages = ["."]
  pruneopts = "UT"
  revision = "13e91bf4058fb93d5629deb7b2e3763ec8f4fdf8"
  version = "v0.0.16"

[[projects]]
  digest = "1:eac02d400e62a394d9c954f647c634c0b12cdf7ffaaf46c0f66f9f703cf2b559"
  name = "github.com/mattn/go-runewidth"
  packages = ["."]
  pruneopts = "UT"
  revision = "2c6a438f68cfe01255a90824599da41fdf76d1e2"
  version = "v0.0.14"

[[projects]]
  digest = "1:8ab467e2e64106450a5caa81ebda2ee7ff5f0e1f805a81d2bd8264eea2337800"
  name = "github.com/nsf/termbox-go"
  packages = ["."]
  pruneopts = "UT"
  revision = "2ff630277754813b198ae96036e28e254d2c72bf"
  version = "v1.1.1"

[[projects]]
  digest = "1:52891c539dfacbcaf8f204ad46c201c702d7210eab162085ee3676914bf3b269"
  name = "github.com/opencontainers/go-digest"
  packages = ["."]
  pruneopts = "UT"
  revision = "ea51bea511f75cfa3ef6098cc253c5c3609b037a"
  version = "v1.0.0"

[[projects]]
  digest = "1:4e2a62977a33d3130b7137a305e20224249e04ff76d28103038e1ca6b89bc580"
  name = "github.com/opencontainers/image-spec"
  packages = [
    "specs-go",
    "specs-go/v1",
  ]
  pruneopts = "UT"
  revision = "67d2d5658fe0476ab9bf414cec164077ebff3920"
  version = "v1.0.2"

[[projects]]
  digest = "1:9e1d37b58d17113ec3cb5608ac0382313c5b59470b94ed97d0976e69c7022314"
  name = "github.com/pkg/errors"
  packages = ["."]
  pruneopts = "UT"
  revision = "614d223910a179a466c1767a985424175c39b465"
  version = "v0.9.1"

[[projects]]
  digest = "1:0028cb19b2e4c3112225cd871870f2d9cf49b9b4276531f03438a88e94be86fe"
  name = "github.com/pmezard/go-difflib"
  packages = ["difflib"]
  pruneopts = "UT"
  revision = "792786c7400a136282c1664665ae0a8db921c6c2"
  version = "v1.0.0"

[[projects]]
  digest = "1:091291b7f7b9a9e901d2fbcd1db6a3db8f858104ca54f7044e1431fd79f6951e"
  name = "github.com/rivo/uniseg"
  packages = ["."]
  pruneopts = "UT"
  revision = "1a52aa66ecd9c3c5199c46ccfd81d25b711414f8"
  version = "v0.4.2"

[[projects]]
  digest = "1:274f67cb6fed9588ea2521ecdac05a6d62a8c51c074c1fccc6a49a40ba80e925"
  name = "github.com/satori/go.uuid"
  packages = ["."]
  pruneopts = "UT"
  revision = "f58768cc1a7a7e77a3bd49e98cdd21419399b6a3"
  version = "v1.2.0"

[[projects]]
  digest = "1:1760ee71834b3d0c59ffb6e0f9444fb68aec64bd6630b99b349fb111f74022fa"
  name = "github.com/sirupsen/logrus"
  packages = ["."]
  pruneopts = "UT"
  revision = "6699a89a232f3db797f2e280639854bbc4b89725"
  version = "v1.7.0"

[[projects]]
  digest = "1:7467c585f52339c093b3ff4b7fbdf1cd7b988f56a152638c3e89160f5fedde56"
  name = "github.com/spf13/afero"
  packages = [
    ".",
    "internal/common",
    "mem",
  ]
  pruneopts = "UT"
  revision = "2a70f2bb2db1524bf2aa3ca0cfebefa8d6367b7b"
  version = "v1.9.2"

[[projects]]
  digest = "1:5ca236e4ecfeb92a57b7a4c7f139023384e7f726640f61b17820473cc82dfb77"
  name = "github.com/streadway/amqp"
  packages = ["."]
  pruneopts = "UT"
  revision = "1c71cc93ed716f9a6f4c2ae8955c25f9176d9f19"
  version = "v1.0.0"

[[projects]]
  digest = "1:727d7f937cef2eab51f67366afc51c77071369532467d96251722a3dfd8894c0"
  name = "github.com/stretchr/testify"
  packages = ["assert"]
  pruneopts = "UT"
  revision = "181cea6eab8b2de7071383eca4be32a424db38dd"
  version = "v1.8.0"

[[projects]]
  digest = "1:c671cb55ba5906571379d0119f2f1f370a47e7a4f436d428e813b8e11a2e0af6"
  name = "golang.org/x/mod"
  packages = ["semver"]
  pruneopts = "UT"
  revision = "49f84bccfd3469cb3095201f7855641bcc8eb49a"
  version = "v0.5.1"

[[projects]]
  branch = "master"
  digest = "1:2477c8e82584d24309ee7c48043976505469f45bd67d2574921818064a8b56f2"
  name = "golang.org/x/net"
  packages = [
    "internal/socks",
    "proxy",
  ]
  pruneopts = "UT"
  revision = "8021a29435afef042814c3ad3b702ff04b240bc7"

[[projects]]
  branch = "master"
  digest = "1:301846b25b0fb2e29eb840078844e3776e7e68dee6a687115291cc1cbb1cb4aa"
  name = "golang.org/x/sys"
  packages = [
    "execabs",
    "internal/unsafeheader",
    "plan9",
    "unix",
    "windows",
  ]
  pruneopts = "UT"
  revision = "f11e5e49a4ec85883999349b0dc6373df034397b"

[[projects]]
  branch = "master"
  digest = "1:a8f79ef248cfb0a776ad58519d816f633066ccfc5cea083a60f295f0d2112738"
  name = "golang.org/x/term"
  packages = ["."]
  pruneopts = "UT"
  revision = "7a66f970e0879c3baa7bc9fa168ebe5119c5f693"

[[projects]]
  digest = "1:fae9b71dbed2aad67d1c23504b3c1e7ff5e8e295fa2c7739af6d143cd56d0e8f"
  name = "golang.org/x/text"
  packages = [
    "internal/gen",
    "internal/triegen",
    "internal/ucd",
    "runes",
    "transform",
    "unicode/cldr",
    "unicode/norm",
  ]
  pruneopts = "UT"
  revision = "383b2e75a7a4198c42f8f87833eefb772868a56f"
  version = "v0.3.7"

[[projects]]
  digest = "1:ce9ed6f21ac50bdfcd395dfe2604bf6fa4ed9028a0d085628fb17a9b8d3a2da1"
  name = "golang.org/x/tools"
  packages = [
    "cmd/stringer",
    "go/ast/astutil",
    "go/gcexportdata",
    "go/internal/gcimporter",
    "go/internal/packagesdriver",
    "go/internal/pkgbits",
    "go/packages",
    "go/types/typeutil",
    "internal/event",
    "internal/event/core",
    "internal/event/keys",
    "internal/event/label",
    "internal/gocommand",
    "internal/packagesinternal",
    "internal/typeparams",
    "internal/typesinternal",
  ]
  pruneopts = "UT"
  revision = "b3b5c13b291f9653da6f31b95db100a2e26bd186"
  version = "v0.1.12"

[[projects]]
  digest = "1:c06d9e11d955af78ac3bbb26bd02e01d2f61f689e1a3bce2ef6fb683ef8a7f2d"
  name = "gopkg.in/alecthomas/kingpin.v2"
  packages = ["."]
  pruneopts = "UT"
  revision = "947dcec5ba9c011838740e680966fd7087a71d0d"
  version = "v2.2.6"

[[projects]]
  digest = "1:90148b2145a5a9237521a93c641c4e9ba5213ab28111273dbac01d3439d260da"
  name = "gopkg.in/ini.v1"
  packages = ["."]
  pruneopts = "UT"
  revision = "b2f570e5b5b844226bbefe6fb521d891f529a951"
  version = "v1.67.0"

[[projects]]
  digest = "1:cc9f0c72e45707522afc156b3d715443e2021acedff165a4803f72a0d2ed170f"
  name = "gopkg.in/matryer/try.v1"
  packages = ["."]
  pruneopts = "UT"
  revision = "312d2599e12e89ca89b52a09597394f449235d80"
  version = "v1"

[[projects]]
  digest = "1:0d58f1f9964495f627de70f2db37d14c39dca5ee41f49739ea7dffcbc84dd84d"
  name = "gopkg.in/yaml.v3"
  packages = ["."]
  pruneopts = "UT"
  revision = "f6f7691b1fdeb513f56608cd2c32c51f8194bf51"
  version = "v3.0.1"

[solve-meta]
  analyzer-name = "dep"
  analyzer-version = 1
  input-imports = [
    "github.com/Songmu/prompter",
    "github.com/aws/aws-sdk-go/aws",
    "github.com/aws/aws-sdk-go/aws/awserr",
    "github.com/aws/aws-sdk-go/aws/session",
    "github.com/aws/aws-sdk-go/service/iam",
    "github.com/aws/aws-sdk-go/service/lambda",
    "github.com/aws/aws-sdk-go/service/lambda/lambdaiface",
    "github.com/aws/aws-sdk-go/service/sqs",
    "github.com/docker/docker/api/types",
    "github.com/docker/docker/api/types/container",
    "github.com/docker/docker/api/types/network",
    "github.com/docker/docker/client",
    "github.com/dustin/go-humanize",
    "github.com/gorilla/websocket",
    "github.com/nsf/termbox-go",
    "github.com/satori/go.uuid",
    "github.com/spf13/afero",
    "github.com/streadway/amqp",
    "github.com/stretchr/testify/assert",
    "gopkg.in/alecthomas/kingpin.v2",
    "gopkg.in/ini.v1",
    "gopkg.in/matryer/try.v1",
  ]
  solver-name = "gps-cdcl"
  solver-version = 1
